
Microsoft Visual Studio Solution File, Format Version 12.00
# Visual Studio Version 16
VisualStudioVersion = 16.0.31605.320
MinimumVisualStudioVersion = 10.0.40219.1
Project("{9A19103F-16F7-4668-BE54-9A1E7A4F7556}") = "LinenAndBird", "LinenAndBird\LinenAndBird.csproj", "{01A72B56-A0A0-40F3-8077-D819D4D40E11}"
EndProject
Project("{FAE04EC0-301F-11D3-BF4B-00C04F79EFBC}") = "LinenAndBird.Tests", "LinenAndBird.Tests\LinenAndBird.Tests.csproj", "{AB2B058E-87DF-405D-A031-7D52F2319CBD}"
EndProject
Global
	GlobalSection(SolutionConfigurationPlatforms) = preSolution
		Debug|Any CPU = Debug|Any CPU
		Release|Any CPU = Release|Any CPU
	EndGlobalSection
	GlobalSection(ProjectConfigurationPlatforms) = postSolution
		{01A72B56-A0A0-40F3-8077-D819D4D40E11}.Debug|Any CPU.ActiveCfg = Debug|Any CPU
		{01A72B56-A0A0-40F3-8077-D819D4D40E11}.Debug|Any CPU.Build.0 = Debug|Any CPU
		{01A72B56-A0A0-40F3-8077-D819D4D40E11}.Release|Any CPU.ActiveCfg = Release|Any CPU
		{01A72B56-A0A0-40F3-8077-D819D4D40E11}.Release|Any CPU.Build.0 = Release|Any CPU
		{AB2B058E-87DF-405D-A031-7D52F2319CBD}.Debug|Any CPU.ActiveCfg = Debug|Any CPU
		{AB2B058E-87DF-405D-A031-7D52F2319CBD}.Debug|Any CPU.Build.0 = Debug|Any CPU
		{AB2B058E-87DF-405D-A031-7D52F2319CBD}.Release|Any CPU.ActiveCfg = Release|Any CPU
		{AB2B058E-87DF-405D-A031-7D52F2319CBD}.Release|Any CPU.Build.0 = Release|Any CPU
	EndGlobalSection
	GlobalSection(SolutionProperties) = preSolution
		HideSolutionNode = FALSE
	EndGlobalSection
	GlobalSection(ExtensibilityGlobals) = postSolution
		SolutionGuid = {A64306DA-F84D-4364-904D-BDA428AD1F78}
	EndGlobalSection
EndGlobal
